version = 1
requires-python = ">=3.11"

[[package]]
name = "repl-nix-workspace"
version = "0.1.0"
source = { virtual = "." }
dependencies = [
    { name = "stringzilla" },
]

[package.metadata]
requires-dist = [{ name = "stringzilla", specifier = ">=3.12.5" }]

[[package]]
name = "stringzilla"
version = "3.12.5"
source = { registry = "https://pypi.org/simple" }
sdist = { url = "https://files.pythonhosted.org/packages/91/77/6e458f53f3ae04df00fd499a124561ad626253bf1c4ee6e2f027e2ddb547/stringzilla-3.12.5.tar.gz", hash = "sha256:57958a420c8e5bfd958740a76a35d357f64c18713a48dbf5983ae0a4e50c010d", size = 186796 }
wheels = [
    { url = "https://files.pythonhosted.org/packages/d5/37/c6d2d22b79897861684c1e0c50a79c81305e72565fcc82d0c0e27bcc6ca7/stringzilla-3.12.5-cp311-cp311-macosx_10_11_universal2.whl", hash = "sha256:a83218a2b38e645368f7f5e06a4dd4c9606b1b148703e5afe9f3fa9566940c96", size = 121712 },
    { url = "https://files.pythonhosted.org/packages/e5/12/09f3d53906923b3cb2b341326f389792ae0dd5c254b7c79a9b266d7a1f97/stringzilla-3.12.5-cp311-cp311-macosx_10_11_x86_64.whl", hash = "sha256:5f698e0571b9feb6a3f0565908ccd472dc55c0f781c2520276f354abe63a0db7", size = 79399 },
    { url = "https://files.pythonhosted.org/packages/94/48/32a07b193bf526216a99195ddf4e660ae2f6614d3bbb8f411f8ef215788e/stringzilla-3.12.5-cp311-cp311-macosx_11_0_arm64.whl", hash = "sha256:a192c5743d103061a5e7b62792395f54257f7f7418afa22a44e2b02bb749608b", size = 79405 },
    { url = "https://files.pythonhosted.org/packages/12/7c/90cd904288f788ceb246ae159d4bf5438a708fc102a7e034bd97baf447d2/stringzilla-3.12.5-cp311-cp311-manylinux_2_17_aarch64.manylinux2014_aarch64.manylinux_2_28_aarch64.whl", hash = "sha256:fed688e2406d5f02e69d389e4378c92d63737ce44ce4afbc5f4587b178a39c17", size = 232077 },
    { url = "https://files.pythonhosted.org/packages/c4/e5/f698068dd34af79c270dbf9675b5f8075a005779c6c25a78dc7730c340bd/stringzilla-3.12.5-cp311-cp311-manylinux_2_17_ppc64le.manylinux2014_ppc64le.manylinux_2_28_ppc64le.whl", hash = "sha256:ff2df3ced63d4d1c99130aa6fc686a363a5d7c07a7f4d17646f0197f673da118", size = 235392 },
    { url = "https://files.pythonhosted.org/packages/c2/3f/6e5f99b2ca17150d382f21512845558eb0937522ad3d43de780e265061ab/stringzilla-3.12.5-cp311-cp311-manylinux_2_17_s390x.manylinux2014_s390x.manylinux_2_28_s390x.whl", hash = "sha256:40dbc6db2061eb0c2759fa136434e8def3e68143c67a46842a633672b80d78f5", size = 206516 },
    { url = "https://files.pythonhosted.org/packages/97/11/9dbb7be39115d0ef30f6787bb0842233faac1a6db76b661c668c2013cd5b/stringzilla-3.12.5-cp311-cp311-manylinux_2_5_i686.manylinux1_i686.manylinux_2_17_i686.manylinux2014_i686.whl", hash = "sha256:7e55bc1c3e3de1a8816ce0442e627dd6a46afb319291c981cf2becf149eb4fc6", size = 212053 },
    { url = "https://files.pythonhosted.org/packages/bd/a8/dbb08d6576d0f4302897a23ef6f5626ec0015a0515b85336f845101118f9/stringzilla-3.12.5-cp311-cp311-manylinux_2_5_x86_64.manylinux1_x86_64.manylinux_2_28_x86_64.whl", hash = "sha256:7a4281220e0fb395265d035c2f488a4b4fed111ca36fcb67ac32b94fea004c48", size = 307796 },
    { url = "https://files.pythonhosted.org/packages/d9/00/997b48e2b4ee087aa85994a5603b9dae35bf299d29265702521916b7c0d9/stringzilla-3.12.5-cp311-cp311-musllinux_1_2_aarch64.whl", hash = "sha256:6ef2d489b9148fa810c7cd73543f27525750a448cb931c2baa4ab413291597cf", size = 227235 },
    { url = "https://files.pythonhosted.org/packages/aa/f9/012212a7098c27b19ef9f456c38d9dbd1288cc8e58a3a09b6dd96b028c03/stringzilla-3.12.5-cp311-cp311-musllinux_1_2_armv7l.whl", hash = "sha256:83f19578361dfa7821c1809b0da5d8df13f5470f86405ffc3f529a9336c6a323", size = 201300 },
    { url = "https://files.pythonhosted.org/packages/ee/03/0c133cc8639576bbfcdfb443ead52fe4997ba5851be283050ea82e186dc9/stringzilla-3.12.5-cp311-cp311-musllinux_1_2_i686.whl", hash = "sha256:0cff7a8000ea05009b9d452266dfc3cd12fc81a3a1fd44d68e34374eef38e0f1", size = 213683 },
    { url = "https://files.pythonhosted.org/packages/6c/5d/8c9964e6f56dc5ee3814e2f9a12eb1bd6c9200b03aff469509377d40a5e3/stringzilla-3.12.5-cp311-cp311-musllinux_1_2_ppc64le.whl", hash = "sha256:d74d17fb66f1329d965b533b18dc135eb85a25cfe1e25c06b6936630f0bfde1b", size = 232541 },
    { url = "https://files.pythonhosted.org/packages/db/a5/5ed7806e4c959378dcf35eb608603a0488843f73016ce40e81c5c0a598f3/stringzilla-3.12.5-cp311-cp311-musllinux_1_2_s390x.whl", hash = "sha256:83e1056b288171efa9e7dea7bdd2f4d7f3212d9e3e12a7e8cd2e760a2de93f8b", size = 206473 },
    { url = "https://files.pythonhosted.org/packages/e9/ac/6ad92b988777fee8ea72f86c5f31d50b8d611903a8c39c7e72ed3cdbd143/stringzilla-3.12.5-cp311-cp311-musllinux_1_2_x86_64.whl", hash = "sha256:8bae3f14abfe1bee1e6fd99c5a21e28ee1df4b8d4e2551856079cfb776cc14fc", size = 302036 },
    { url = "https://files.pythonhosted.org/packages/5b/9a/3b8096592ec09995db3be9498afdd5063458df0a96bf0aa70c8bf22a6bf1/stringzilla-3.12.5-cp311-cp311-win32.whl", hash = "sha256:8de56b53a0bee3866516121002f9ec5c97bbd401aafc4a074abf9e909d11a130", size = 68531 },
    { url = "https://files.pythonhosted.org/packages/b8/48/08265678340debbeb091f7056ea1113c3f0329978035955a9e205ddf0c5d/stringzilla-3.12.5-cp311-cp311-win_amd64.whl", hash = "sha256:7b8c36d426cb6011d2b97c69eb18eb859d8c56c9fcb26cf99d9eca2f8abc95bf", size = 80125 },
    { url = "https://files.pythonhosted.org/packages/fa/b5/c63820c972a1a84b0b184798f5ce41da0715fa65fd240459f776c0cbb0b4/stringzilla-3.12.5-cp311-cp311-win_arm64.whl", hash = "sha256:d026d00adfaf245510ef6778eaf49def94381420efc02b3d3305a66c3d85297e", size = 69782 },
    { url = "https://files.pythonhosted.org/packages/2f/02/3b70a5e69d1ebc6b6c5a9d6520e3450f39d45ec3c4e45cb5267aa590d980/stringzilla-3.12.5-cp312-cp312-macosx_10_13_universal2.whl", hash = "sha256:1171346784802f62282ef156f0168d52e7ba213fbaf566697f613fb20bd98bc2", size = 122044 },
    { url = "https://files.pythonhosted.org/packages/23/83/e658a589dd2077c355926a9fb42c0669579ad1420cff963e5200bd73a0b0/stringzilla-3.12.5-cp312-cp312-macosx_10_13_x86_64.whl", hash = "sha256:c3ec9837752dfed493642952ead9829fb3c4befaa9b4f4a74f32e626a1fba664", size = 79590 },
    { url = "https://files.pythonhosted.org/packages/ab/4d/0dd25abfd2889601287cf1f4b1757db36ae49f92c19a49243624b29cd328/stringzilla-3.12.5-cp312-cp312-macosx_11_0_arm64.whl", hash = "sha256:baf438334499cdaa43488c359f2c5eaf8ad79dbb84727c6e05d892dcd6be2dd7", size = 79547 },
    { url = "https://files.pythonhosted.org/packages/42/c7/e9da1856a35863fbb42fc00c4f5a517da9f0d8b8bfe55d067e14c1dee241/stringzilla-3.12.5-cp312-cp312-manylinux_2_17_aarch64.manylinux2014_aarch64.manylinux_2_28_aarch64.whl", hash = "sha256:a751bfc39b280e31932c8206c814f67ed0f45ac182977bb1116aa3cbfbc8bba8", size = 231921 },
    { url = "https://files.pythonhosted.org/packages/cc/b3/0cfd13dc65467f5bb4cc234f947bd64b01dad873f10904ade9e453933b04/stringzilla-3.12.5-cp312-cp312-manylinux_2_17_ppc64le.manylinux2014_ppc64le.manylinux_2_28_ppc64le.whl", hash = "sha256:3bd12dd3b4a56fb93d28058f8c200835f86cb67b4fbfc83679a15e4f0ba7b0dd", size = 234814 },
    { url = "https://files.pythonhosted.org/packages/40/9d/8e48d88577ab1fca6aae1c8b7275ad28a9409700d93007dc2103485c5f55/stringzilla-3.12.5-cp312-cp312-manylinux_2_17_s390x.manylinux2014_s390x.manylinux_2_28_s390x.whl", hash = "sha256:3304d0f5b74acb132154e0861c0c72bee419fd5280d30bad59580c188c79b337", size = 206471 },
    { url = "https://files.pythonhosted.org/packages/78/62/dce966ec333cc256f72b2b50e1fc4d53cb9ab27623772559fab2a4372b69/stringzilla-3.12.5-cp312-cp312-manylinux_2_5_i686.manylinux1_i686.manylinux_2_17_i686.manylinux2014_i686.whl", hash = "sha256:315f9b14d56c94d414014a34722e5b9beb68befdb1b30ec82a62f8b00c9446a2", size = 212052 },
    { url = "https://files.pythonhosted.org/packages/6d/69/b6078679cab6b4ea92a2895d8643875bb27398f4e5aacde5a7648e641708/stringzilla-3.12.5-cp312-cp312-manylinux_2_5_x86_64.manylinux1_x86_64.manylinux_2_28_x86_64.whl", hash = "sha256:48efbe3ea3f9dc69b4262f4858b68b0a2abf546f9be1927ef208026e2838393b", size = 308367 },
    { url = "https://files.pythonhosted.org/packages/5c/d6/e41d29a18a91f1d24e0ff6edaaf47f4eeb696370640cb3b028ef88331f48/stringzilla-3.12.5-cp312-cp312-musllinux_1_2_aarch64.whl", hash = "sha256:6456fe5df5ea265e8c6c32595c7213fbe44e48b9fc8b7b6908e0d581ee427a2f", size = 227026 },
    { url = "https://files.pythonhosted.org/packages/05/1b/514ec95ad68b9c00ba8e268b6b0c08d3e517f770b9b996327fc98905ff49/stringzilla-3.12.5-cp312-cp312-musllinux_1_2_armv7l.whl", hash = "sha256:ded46cc4b18d802f98af954e54cfaf32fcfb7ee37b25b1cf7bda11ea0aaa130f", size = 201951 },
    { url = "https://files.pythonhosted.org/packages/96/24/f51213e77144699f5c7c3c0ce947d79f4315f6441e2f33a3b0d952d8d284/stringzilla-3.12.5-cp312-cp312-musllinux_1_2_i686.whl", hash = "sha256:91979eea022d25ed12cf6f8ac06d789bd1ffab8da5ac213d1ad21c0529745a06", size = 213551 },
    { url = "https://files.pythonhosted.org/packages/64/5d/b52f1ca7e27ce6711d7f03b5e4019a27769508c6fd4a03507e023a527ec9/stringzilla-3.12.5-cp312-cp312-musllinux_1_2_ppc64le.whl", hash = "sha256:bdfd266a145085e3f7fe9041528fe2657c2c2aafefffe4f822eb9a694d325d12", size = 232001 },
    { url = "https://files.pythonhosted.org/packages/fa/ed/e6938136b2a4879f01ce89ed7aa0381097c72b36038811ea8baac0787648/stringzilla-3.12.5-cp312-cp312-musllinux_1_2_s390x.whl", hash = "sha256:7a1e0d1329e773d202c8721a371ce6b56dc796b6375e4588304d31adc906d267", size = 207107 },
    { url = "https://files.pythonhosted.org/packages/e2/dc/e301945f24d4d45de8a05579ec5ee3e67de2a2401a9c1958a7fb26063404/stringzilla-3.12.5-cp312-cp312-musllinux_1_2_x86_64.whl", hash = "sha256:b2d438848942e83c0a0dcda5023fc8431535c00f671545e76f09ec08d66c57a3", size = 302701 },
    { url = "https://files.pythonhosted.org/packages/90/ae/7771372a002e62dc708699e9a6b740f5171cad3a651c053219edd973f4ce/stringzilla-3.12.5-cp312-cp312-win32.whl", hash = "sha256:ef8c79f8c341a1aa36dc465cdd1640c60023b3b9bfebfcecd8a7e250f9f9927a", size = 68634 },
    { url = "https://files.pythonhosted.org/packages/3b/33/48ccae51648650f3403d06e07c98826791b0a21d2b2c21eb65ea6d2e1f18/stringzilla-3.12.5-cp312-cp312-win_amd64.whl", hash = "sha256:c9b7d96e8229d5d234f9d1f9f2a8df1eac8606863d116a60618d371884d96f14", size = 80134 },
    { url = "https://files.pythonhosted.org/packages/f9/c3/5c36f103f17c78120b7bbdbae4b82b1da468b7d1a318189a3c069b7ccf0b/stringzilla-3.12.5-cp312-cp312-win_arm64.whl", hash = "sha256:c20c5438bb66f1f36f447d3b122f58a41b7218d086024567c42da0a873cf28fe", size = 69740 },
    { url = "https://files.pythonhosted.org/packages/3a/12/2be50b4f963e6093cc452420487576051521f2740c81c992a261586dfc76/stringzilla-3.12.5-cp313-cp313-macosx_10_13_universal2.whl", hash = "sha256:8f1d0d8ad3b5115c524dddfb882c5752f04c9a1852a33a83a5dc04f99304c1bc", size = 122052 },
    { url = "https://files.pythonhosted.org/packages/0f/47/460277da6abfcfb32d0456b08bd1048dba2a12fa217f2b521780f0534367/stringzilla-3.12.5-cp313-cp313-macosx_10_13_x86_64.whl", hash = "sha256:d3140697c9fb77b7e1a7e64cafb21e8c2c7db328b584168c7591a271c78115a7", size = 79597 },
    { url = "https://files.pythonhosted.org/packages/87/4e/7709811ed2a695ee36f83cf6024053f6f4fcb225e71724db7e401344ccc4/stringzilla-3.12.5-cp313-cp313-macosx_11_0_arm64.whl", hash = "sha256:c4caf1eccc4e62c2380b712d51d54579618b4b7ab7321d16ac1bd3db95b7ca7c", size = 79544 },
    { url = "https://files.pythonhosted.org/packages/17/3c/676843687c0abbc9fdd5befe64ae57338c65ca12cf61adf5bb188988984e/stringzilla-3.12.5-cp313-cp313-manylinux_2_17_aarch64.manylinux2014_aarch64.manylinux_2_28_aarch64.whl", hash = "sha256:d6462c127d89257925d2c06d023b6b9975e3310acad4b5d262bd48ed899ddbc7", size = 231934 },
    { url = "https://files.pythonhosted.org/packages/47/a9/c99e1a4d4fc4ef67eaf40713d24fe45d7abf0885bab84d48d65912d6b5c3/stringzilla-3.12.5-cp313-cp313-manylinux_2_17_ppc64le.manylinux2014_ppc64le.manylinux_2_28_ppc64le.whl", hash = "sha256:6b04e810073c7e4e1aa97838a3c5eb51e17c1e0943b2572d007cf98c69c88ab2", size = 234830 },
    { url = "https://files.pythonhosted.org/packages/80/ec/ece11b021b7f04020163ef34939ed7a8a1d19470c03f0a408928404d4e76/stringzilla-3.12.5-cp313-cp313-manylinux_2_17_s390x.manylinux2014_s390x.manylinux_2_28_s390x.whl", hash = "sha256:a49e387bde691c962483499a4e3e2741ebb577e26ea69d612e430d4d9dcddccf", size = 206525 },
    { url = "https://files.pythonhosted.org/packages/27/5f/be467c238f36acde7467f1e73d9c6b9d027005216b28c20d358420caa8dc/stringzilla-3.12.5-cp313-cp313-manylinux_2_5_i686.manylinux1_i686.manylinux_2_17_i686.manylinux2014_i686.whl", hash = "sha256:891a33fb58164ed52ab99fd977cf3a88cb49be56ea9e8a4f6299a9a17876a661", size = 212112 },
    { url = "https://files.pythonhosted.org/packages/2d/0b/0e0cc33a040ede908cbf6fbbe5342d230dbaa82640c66237ee804ecbebae/stringzilla-3.12.5-cp313-cp313-manylinux_2_5_x86_64.manylinux1_x86_64.manylinux_2_28_x86_64.whl", hash = "sha256:0f7e8f8edd1fe9daf17fd33807d042b61d04d5ae4b2f2b377bd098f21b1785e0", size = 308399 },
    { url = "https://files.pythonhosted.org/packages/29/23/e442dcad668eb34cfb923703ec25f5ea7f2148ea15c8e7a8626de9c20ab9/stringzilla-3.12.5-cp313-cp313-musllinux_1_2_aarch64.whl", hash = "sha256:f7d8b0931a3da7bab8ca8f1dfb76229e23e928ebb0714b44f4efa1d599ab2730", size = 227031 },
    { url = "https://files.pythonhosted.org/packages/f8/aa/a4d5be7897a219fcb1347106a92e0e8cafd99f00300b7946ffa1e5d1800d/stringzilla-3.12.5-cp313-cp313-musllinux_1_2_armv7l.whl", hash = "sha256:fa87b5fa1bc0c67a6c14517c32278299ac292ccfe7ba937026f537a80532255f", size = 201967 },
    { url = "https://files.pythonhosted.org/packages/1c/19/448c24de9ea826d4df789d21b460d42954658cc3e9e5be126b08ff2f319f/stringzilla-3.12.5-cp313-cp313-musllinux_1_2_i686.whl", hash = "sha256:2086748bc23f42ff724981d9e5e18f28f673b6ed593d8c4ba1272bd45a7563be", size = 213594 },
    { url = "https://files.pythonhosted.org/packages/f3/f4/7c9d8c1a9fb067bca85fe04398b35a3f900c9487a4cb2410fee5b1cd838c/stringzilla-3.12.5-cp313-cp313-musllinux_1_2_ppc64le.whl", hash = "sha256:5da15a319f76b7fdba403d5b93ecd982e84faa010d40a28aeb25c0864e01df46", size = 232058 },
    { url = "https://files.pythonhosted.org/packages/b1/8b/3ec4aafddf7e9693ffb2adcb8d1515dafb76be41171da1a1b6d0d3b055fb/stringzilla-3.12.5-cp313-cp313-musllinux_1_2_s390x.whl", hash = "sha256:9b8408bbd14e0df3feed03c7719269f0f7e0ddb4b6a44f53eb2102a645a4c8bf", size = 207094 },
    { url = "https://files.pythonhosted.org/packages/db/bf/6047e5ff3976027e1bdff104a40d5768c4b858c210c3b46740d1bc59dc39/stringzilla-3.12.5-cp313-cp313-musllinux_1_2_x86_64.whl", hash = "sha256:dab98e2e20de12b03868011f82438a5b3e5c5a215ae9c8ab3cd8c2e1dc708b90", size = 302743 },
    { url = "https://files.pythonhosted.org/packages/19/bd/6de50e3b969ba417825ddd8cb6f36d34981cacb90d026769b5dca2d7e5fb/stringzilla-3.12.5-cp313-cp313-win32.whl", hash = "sha256:98d22acd6c06864df30df0860307fb6fb6ca98af0bdd0d0877fc182bf580afbd", size = 68637 },
    { url = "https://files.pythonhosted.org/packages/a4/08/849dc695e49d017bc314b2e65a79c5ff1c140fc3f99b13df1e240597c8e1/stringzilla-3.12.5-cp313-cp313-win_amd64.whl", hash = "sha256:a921412385671db26dc4b078529ac6001c93445f06ff71e339a315c0e261d459", size = 80138 },
    { url = "https://files.pythonhosted.org/packages/53/a1/d8d7144490b49598cdb166f4389614b251b35c531aeb5a29f424a3e42df4/stringzilla-3.12.5-cp313-cp313-win_arm64.whl", hash = "sha256:101d94f351d918144389ff316ff61efb06f645702078c48d7c4e0973b788fab9", size = 69748 },
]
